// !$*UTF8*$!
{
	archiveVersion = 1;
	classes = {
	};
	objectVersion = 46;
	objects = {

/* Begin PBXBuildFile section */
		A07F329C1E3C0FC600079E2A /* MorseTransmitter.swift in Sources */ = {isa = PBXBuildFile; fileRef = A07F329B1E3C0FC600079E2A /* MorseTransmitter.swift */; };
		A0BC09EE1E3FBC8400E03DF3 /* DateComponentsFormatterExt.swift in Sources */ = {isa = PBXBuildFile; fileRef = A0BC09ED1E3FBC8400E03DF3 /* DateComponentsFormatterExt.swift */; };
		A0CCDF9B1E30EC73009C6300 /* AppDelegate.swift in Sources */ = {isa = PBXBuildFile; fileRef = A0CCDF9A1E30EC73009C6300 /* AppDelegate.swift */; };
		A0CCDF9D1E30EC73009C6300 /* ViewController.swift in Sources */ = {isa = PBXBuildFile; fileRef = A0CCDF9C1E30EC73009C6300 /* ViewController.swift */; };
		A0CCDFA01E30EC73009C6300 /* Main.storyboard in Resources */ = {isa = PBXBuildFile; fileRef = A0CCDF9E1E30EC73009C6300 /* Main.storyboard */; };
		A0CCDFA21E30EC73009C6300 /* Assets.xcassets in Resources */ = {isa = PBXBuildFile; fileRef = A0CCDFA11E30EC73009C6300 /* Assets.xcassets */; };
		A0CCDFA51E30EC73009C6300 /* LaunchScreen.storyboard in Resources */ = {isa = PBXBuildFile; fileRef = A0CCDFA31E30EC73009C6300 /* LaunchScreen.storyboard */; };
		A0E44A481E395DE400C34063 /* NSLayoutConstraintExt.swift in Sources */ = {isa = PBXBuildFile; fileRef = A0E44A471E395DE400C34063 /* NSLayoutConstraintExt.swift */; };
		A0E44A4A1E39F19000C34063 /* MorseController.swift in Sources */ = {isa = PBXBuildFile; fileRef = A0E44A491E39F19000C34063 /* MorseController.swift */; };
		A0FA34441E3CF6EE00F27B1D /* PlayfairDisplay-Black.ttf in Resources */ = {isa = PBXBuildFile; fileRef = A0FA34431E3CF6EE00F27B1D /* PlayfairDisplay-Black.ttf */; };
		A0FA34461E3CF74100F27B1D /* UIFontExt.swift in Sources */ = {isa = PBXBuildFile; fileRef = A0FA34451E3CF74100F27B1D /* UIFontExt.swift */; };
		A0FA34481E3D2B8200F27B1D /* Morse.swift in Sources */ = {isa = PBXBuildFile; fileRef = A0FA34471E3D2B8200F27B1D /* Morse.swift */; };
/* End PBXBuildFile section */

/* Begin PBXFileReference section */
		A07F329B1E3C0FC600079E2A /* MorseTransmitter.swift */ = {isa = PBXFileReference; fileEncoding = 4; lastKnownFileType = sourcecode.swift; path = MorseTransmitter.swift; sourceTree = "<group>"; };
		A0BC09ED1E3FBC8400E03DF3 /* DateComponentsFormatterExt.swift */ = {isa = PBXFileReference; fileEncoding = 4; lastKnownFileType = sourcecode.swift; path = DateComponentsFormatterExt.swift; sourceTree = "<group>"; };
		A0CCDF971E30EC73009C6300 /* Morse.app */ = {isa = PBXFileReference; explicitFileType = wrapper.application; includeInIndex = 0; path = Morse.app; sourceTree = BUILT_PRODUCTS_DIR; };
		A0CCDF9A1E30EC73009C6300 /* AppDelegate.swift */ = {isa = PBXFileReference; lastKnownFileType = sourcecode.swift; path = AppDelegate.swift; sourceTree = "<group>"; };
		A0CCDF9C1E30EC73009C6300 /* ViewController.swift */ = {isa = PBXFileReference; lastKnownFileType = sourcecode.swift; path = ViewController.swift; sourceTree = "<group>"; };
		A0CCDF9F1E30EC73009C6300 /* Base */ = {isa = PBXFileReference; lastKnownFileType = file.storyboard; name = Base; path = Base.lproj/Main.storyboard; sourceTree = "<group>"; };
		A0CCDFA11E30EC73009C6300 /* Assets.xcassets */ = {isa = PBXFileReference; lastKnownFileType = folder.assetcatalog; path = Assets.xcassets; sourceTree = "<group>"; };
		A0CCDFA41E30EC73009C6300 /* Base */ = {isa = PBXFileReference; lastKnownFileType = file.storyboard; name = Base; path = Base.lproj/LaunchScreen.storyboard; sourceTree = "<group>"; };
		A0CCDFA61E30EC73009C6300 /* Info.plist */ = {isa = PBXFileReference; lastKnownFileType = text.plist.xml; path = Info.plist; sourceTree = "<group>"; };
		A0E44A471E395DE400C34063 /* NSLayoutConstraintExt.swift */ = {isa = PBXFileReference; fileEncoding = 4; lastKnownFileType = sourcecode.swift; path = NSLayoutConstraintExt.swift; sourceTree = "<group>"; };
		A0E44A491E39F19000C34063 /* MorseController.swift */ = {isa = PBXFileReference; fileEncoding = 4; lastKnownFileType = sourcecode.swift; path = MorseController.swift; sourceTree = "<group>"; };
		A0FA34431E3CF6EE00F27B1D /* PlayfairDisplay-Black.ttf */ = {isa = PBXFileReference; lastKnownFileType = file; path = "PlayfairDisplay-Black.ttf"; sourceTree = "<group>"; };
		A0FA34451E3CF74100F27B1D /* UIFontExt.swift */ = {isa = PBXFileReference; fileEncoding = 4; lastKnownFileType = sourcecode.swift; path = UIFontExt.swift; sourceTree = "<group>"; };
		A0FA34471E3D2B8200F27B1D /* Morse.swift */ = {isa = PBXFileReference; fileEncoding = 4; lastKnownFileType = sourcecode.swift; path = Morse.swift; sourceTree = "<group>"; };
/* End PBXFileReference section */

/* Begin PBXFrameworksBuildPhase section */
		A0CCDF941E30EC73009C6300 /* Frameworks */ = {
			isa = PBXFrameworksBuildPhase;
			buildActionMask = 2147483647;
			files = (
			);
			runOnlyForDeploymentPostprocessing = 0;
		};
/* End PBXFrameworksBuildPhase section */

/* Begin PBXGroup section */
		A0CCDF8E1E30EC73009C6300 = {
			isa = PBXGroup;
			children = (
				A0CCDF991E30EC73009C6300 /* Morse */,
				A0CCDF981E30EC73009C6300 /* Products */,
			);
			sourceTree = "<group>";
		};
		A0CCDF981E30EC73009C6300 /* Products */ = {
			isa = PBXGroup;
			children = (
				A0CCDF971E30EC73009C6300 /* Morse.app */,
			);
			name = Products;
			sourceTree = "<group>";
		};
		A0CCDF991E30EC73009C6300 /* Morse */ = {
			isa = PBXGroup;
			children = (
				A0BC09ED1E3FBC8400E03DF3 /* DateComponentsFormatterExt.swift */,
				A07F329B1E3C0FC600079E2A /* MorseTransmitter.swift */,
				A0FA34471E3D2B8200F27B1D /* Morse.swift */,
				A0E44A491E39F19000C34063 /* MorseController.swift */,
				A0E44A471E395DE400C34063 /* NSLayoutConstraintExt.swift */,
				A0CCDF9A1E30EC73009C6300 /* AppDelegate.swift */,
				A0CCDF9C1E30EC73009C6300 /* ViewController.swift */,
				A0CCDF9E1E30EC73009C6300 /* Main.storyboard */,
				A0CCDFA11E30EC73009C6300 /* Assets.xcassets */,
				A0CCDFA31E30EC73009C6300 /* LaunchScreen.storyboard */,
				A0CCDFA61E30EC73009C6300 /* Info.plist */,
				A0FA34451E3CF74100F27B1D /* UIFontExt.swift */,
				A0FA34431E3CF6EE00F27B1D /* PlayfairDisplay-Black.ttf */,
			);
			path = Morse;
			sourceTree = "<group>";
		};
/* End PBXGroup section */

/* Begin PBXNativeTarget section */
		A0CCDF961E30EC73009C6300 /* Morse */ = {
			isa = PBXNativeTarget;
			buildConfigurationList = A0CCDFA91E30EC73009C6300 /* Build configuration list for PBXNativeTarget "Morse" */;
			buildPhases = (
				A0CCDF931E30EC73009C6300 /* Sources */,
				A0CCDF941E30EC73009C6300 /* Frameworks */,
				A0CCDF951E30EC73009C6300 /* Resources */,
			);
			buildRules = (
			);
			dependencies = (
			);
			name = Morse;
			productName = Morse;
			productReference = A0CCDF971E30EC73009C6300 /* Morse.app */;
			productType = "com.apple.product-type.application";
		};
/* End PBXNativeTarget section */

/* Begin PBXProject section */
		A0CCDF8F1E30EC73009C6300 /* Project object */ = {
			isa = PBXProject;
			attributes = {
				LastSwiftUpdateCheck = 0820;
				LastUpgradeCheck = 0820;
				ORGANIZATIONNAME = "James Wilkinson";
				TargetAttributes = {
					A0CCDF961E30EC73009C6300 = {
						CreatedOnToolsVersion = 8.2.1;
						DevelopmentTeam = 9P7M376ALM;
						ProvisioningStyle = Automatic;
					};
				};
			};
			buildConfigurationList = A0CCDF921E30EC73009C6300 /* Build configuration list for PBXProject "Morse" */;
			compatibilityVersion = "Xcode 3.2";
			developmentRegion = English;
			hasScannedForEncodings = 0;
			knownRegions = (
				en,
				Base,
			);
			mainGroup = A0CCDF8E1E30EC73009C6300;
			productRefGroup = A0CCDF981E30EC73009C6300 /* Products */;
			projectDirPath = "";
			projectRoot = "";
			targets = (
				A0CCDF961E30EC73009C6300 /* Morse */,
			);
		};
/* End PBXProject section */

/* Begin PBXResourcesBuildPhase section */
		A0CCDF951E30EC73009C6300 /* Resources */ = {
			isa = PBXResourcesBuildPhase;
			buildActionMask = 2147483647;
			files = (
				A0CCDFA51E30EC73009C6300 /* LaunchScreen.storyboard in Resources */,
				A0FA34441E3CF6EE00F27B1D /* PlayfairDisplay-Black.ttf in Resources */,
				A0CCDFA21E30EC73009C6300 /* Assets.xcassets in Resources */,
				A0CCDFA01E30EC73009C6300 /* Main.storyboard in Resources */,
			);
			runOnlyForDeploymentPostprocessing = 0;
		};
/* End PBXResourcesBuildPhase section */

/* Begin PBXSourcesBuildPhase section */
		A0CCDF931E30EC73009C6300 /* Sources */ = {
			isa = PBXSourcesBuildPhase;
			buildActionMask = 2147483647;
			files = (
				A0BC09EE1E3FBC8400E03DF3 /* DateComponentsFormatterExt.swift in Sources */,
				A0CCDF9D1E30EC73009C6300 /* ViewController.swift in Sources */,
				A07F329C1E3C0FC600079E2A /* MorseTransmitter.swift in Sources */,
				A0FA34461E3CF74100F27B1D /* UIFontExt.swift in Sources */,
				A0CCDF9B1E30EC73009C6300 /* AppDelegate.swift in Sources */,
				A0E44A4A1E39F19000C34063 /* MorseController.swift in Sources */,
				A0E44A481E395DE400C34063 /* NSLayoutConstraintExt.swift in Sources */,
				A0FA34481E3D2B8200F27B1D /* Morse.swift in Sources */,
			);
			runOnlyForDeploymentPostprocessing = 0;
		};
/* End PBXSourcesBuildPhase section */

/* Begin PBXVariantGroup section */
		A0CCDF9E1E30EC73009C6300 /* Main.storyboard */ = {
			isa = PBXVariantGroup;
			children = (
				A0CCDF9F1E30EC73009C6300 /* Base */,
			);
			name = Main.storyboard;
			sourceTree = "<group>";
		};
		A0CCDFA31E30EC73009C6300 /* LaunchScreen.storyboard */ = {
			isa = PBXVariantGroup;
			children = (
				A0CCDFA41E30EC73009C6300 /* Base */,
			);
			name = LaunchScreen.storyboard;
			sourceTree = "<group>";
		};
/* End PBXVariantGroup section */

/* Begin XCBuildConfiguration section */
		A0CCDFA71E30EC73009C6300 /* Debug */ = {
			isa = XCBuildConfiguration;
			buildSettings = {
				ALWAYS_SEARCH_USER_PATHS = NO;
				CLANG_ANALYZER_NONNULL = YES;
				CLANG_CXX_LANGUAGE_STANDARD = "gnu++0x";
				CLANG_CXX_LIBRARY = "libc++";
				CLANG_ENABLE_MODULES = YES;
				CLANG_ENABLE_OBJC_ARC = YES;
				CLANG_WARN_BOOL_CONVERSION = YES;
				CLANG_WARN_CONSTANT_CONVERSION = YES;
				CLANG_WARN_DIRECT_OBJC_ISA_USAGE = YES_ERROR;
				CLANG_WARN_DOCUMENTATION_COMMENTS = YES;
				CLANG_WARN_EMPTY_BODY = YES;
				CLANG_WARN_ENUM_CONVERSION = YES;
				CLANG_WARN_INFINITE_RECURSION = YES;
				CLANG_WARN_INT_CONVERSION = YES;
				CLANG_WARN_OBJC_ROOT_CLASS = YES_ERROR;
				CLANG_WARN_SUSPICIOUS_MOVE = YES;
				CLANG_WARN_UNREACHABLE_CODE = YES;
				CLANG_WARN__DUPLICATE_METHOD_MATCH = YES;
				"CODE_SIGN_IDENTITY[sdk=iphoneos*]" = "iPhone Developer";
				COPY_PHASE_STRIP = NO;
				DEBUG_INFORMATION_FORMAT = dwarf;
				ENABLE_STRICT_OBJC_MSGSEND = YES;
				ENABLE_TESTABILITY = YES;
				GCC_C_LANGUAGE_STANDARD = gnu99;
				GCC_DYNAMIC_NO_PIC = NO;
				GCC_NO_COMMON_BLOCKS = YES;
				GCC_OPTIMIZATION_LEVEL = 0;
				GCC_PREPROCESSOR_DEFINITIONS = (
					"DEBUG=1",
					"$(inherited)",
				);
				GCC_WARN_64_TO_32_BIT_CONVERSION = YES;
				GCC_WARN_ABOUT_RETURN_TYPE = YES_ERROR;
				GCC_WARN_UNDECLARED_SELECTOR = YES;
				GCC_WARN_UNINITIALIZED_AUTOS = YES_AGGRESSIVE;
				GCC_WARN_UNUSED_FUNCTION = YES;
				GCC_WARN_UNUSED_VARIABLE = YES;
				IPHONEOS_DEPLOYMENT_TARGET = 10.2;
				MTL_ENABLE_DEBUG_INFO = YES;
				ONLY_ACTIVE_ARCH = YES;
				SDKROOT = iphoneos;
				SWIFT_ACTIVE_COMPILATION_CONDITIONS = DEBUG;
				SWIFT_OPTIMIZATION_LEVEL = "-Onone";
			};
			name = Debug;
		};
		A0CCDFA81E30EC73009C6300 /* Release */ = {
			isa = XCBuildConfiguration;
			buildSettings = {
				ALWAYS_SEARCH_USER_PATHS = NO;
				CLANG_ANALYZER_NONNULL = YES;
				CLANG_CXX_LANGUAGE_STANDARD = "gnu++0x";
				CLANG_CXX_LIBRARY = "libc++";
				CLANG_ENABLE_MODULES = YES;
				CLANG_ENABLE_OBJC_ARC = YES;
				CLANG_WARN_BOOL_CONVERSION = YES;
				CLANG_WARN_CONSTANT_CONVERSION = YES;
				CLANG_WARN_DIRECT_OBJC_ISA_USAGE = YES_ERROR;
				CLANG_WARN_DOCUMENTATION_COMMENTS = YES;
				CLANG_WARN_EMPTY_BODY = YES;
				CLANG_WARN_ENUM_CONVERSION = YES;
				CLANG_WARN_INFINITE_RECURSION = YES;
				CLANG_WARN_INT_CONVERSION = YES;
				CLANG_WARN_OBJC_ROOT_CLASS = YES_ERROR;
				CLANG_WARN_SUSPICIOUS_MOVE = YES;
				CLANG_WARN_UNREACHABLE_CODE = YES;
				CLANG_WARN__DUPLICATE_METHOD_MATCH = YES;
				"CODE_SIGN_IDENTITY[sdk=iphoneos*]" = "iPhone Developer";
				COPY_PHASE_STRIP = NO;
				DEBUG_INFORMATION_FORMAT = "dwarf-with-dsym";
				ENABLE_NS_ASSERTIONS = NO;
				ENABLE_STRICT_OBJC_MSGSEND = YES;
				GCC_C_LANGUAGE_STANDARD = gnu99;
				GCC_NO_COMMON_BLOCKS = YES;
				GCC_WARN_64_TO_32_BIT_CONVERSION = YES;
				GCC_WARN_ABOUT_RETURN_TYPE = YES_ERROR;
				GCC_WARN_UNDECLARED_SELECTOR = YES;
				GCC_WARN_UNINITIALIZED_AUTOS = YES_AGGRESSIVE;
				GCC_WARN_UNUSED_FUNCTION = YES;
				GCC_WARN_UNUSED_VARIABLE = YES;
				IPHONEOS_DEPLOYMENT_TARGET = 10.2;
				MTL_ENABLE_DEBUG_INFO = NO;
				SDKROOT = iphoneos;
				SWIFT_OPTIMIZATION_LEVEL = "-Owholemodule";
				VALIDATE_PRODUCT = YES;
			};
			name = Release;
		};
		A0CCDFAA1E30EC73009C6300 /* Debug */ = {
			isa = XCBuildConfiguration;
			buildSettings = {
				ASSETCATALOG_COMPILER_APPICON_NAME = AppIcon;
				DEVELOPMENT_TEAM = 9P7M376ALM;
				INFOPLIST_FILE = Morse/Info.plist;
				IPHONEOS_DEPLOYMENT_TARGET = 10.0;
				LD_RUNPATH_SEARCH_PATHS = "$(inherited) @executable_path/Frameworks";
				PRODUCT_BUNDLE_IDENTIFIER = "co.james-wilkinson.Morse";
				PRODUCT_NAME = "$(TARGET_NAME)";
				SWIFT_VERSION = 3.0;
			};
			name = Debug;
		};
		A0CCDFAB1E30EC73009C6300 /* Release */ = {
			isa = XCBuildConfiguration;
			buildSettings = {
				ASSETCATALOG_COMPILER_APPICON_NAME = AppIcon;
				DEVELOPMENT_TEAM = 9P7M376ALM;
				INFOPLIST_FILE = Morse/Info.plist;
				IPHONEOS_DEPLOYMENT_TARGET = 10.0;
				LD_RUNPATH_SEARCH_PATHS = "$(inherited) @executable_path/Frameworks";
				PRODUCT_BUNDLE_IDENTIFIER = "co.james-wilkinson.Morse";
				PRODUCT_NAME = "$(TARGET_NAME)";
				SWIFT_VERSION = 3.0;
			};
			name = Release;
		};
/* End XCBuildConfiguration section */

/* Begin XCConfigurationList section */
		A0CCDF921E30EC73009C6300 /* Build configuration list for PBXProject "Morse" */ = {
			isa = XCConfigurationList;
			buildConfigurations = (
				A0CCDFA71E30EC73009C6300 /* Debug */,
				A0CCDFA81E30EC73009C6300 /* Release */,
			);
			defaultConfigurationIsVisible = 0;
			defaultConfigurationName = Release;
		};
		A0CCDFA91E30EC73009C6300 /* Build configuration list for PBXNativeTarget "Morse" */ = {
			isa = XCConfigurationList;
			buildConfigurations = (
				A0CCDFAA1E30EC73009C6300 /* Debug */,
				A0CCDFAB1E30EC73009C6300 /* Release */,
			);
			defaultConfigurationIsVisible = 0;
			defaultConfigurationName = Release;
		};
/* End XCConfigurationList section */
	};
	rootObject = A0CCDF8F1E30EC73009C6300 /* Project object */;
}
